# This file is autogenerated, do not edit; changes may be undone by the next 'dep ensure'.


[[projects]]
  name = "github.com/dnsimple/dnsimple-go"
  packages = ["dnsimple"]
  revision = "4618db489ff90331782dd0a6cf3aa0de68415355"
  version = "v0.16.0"

[[projects]]
  branch = "master"
  name = "github.com/google/go-querystring"
  packages = ["query"]
  revision = "53e6ce116135b80d037921a7fdd5138cf32d7a8a"

[[projects]]
  name = "github.com/mota/klash"
  packages = ["."]
  revision = "ca6c37a4c8c2e69831c428cf0c6daac80ab56c22"
  version = "v0.2"

[solve-meta]
  analyzer-name = "dep"
  analyzer-version = 1
  inputs-digest = "46c960e9d4205e8316b36d375e2e0780c6db2725b99da9fc7a576cf4ecb7f128"
  solver-name = "gps-cdcl"
  solver-version = 1
